
Microsoft Visual Studio Solution File, Format Version 12.00
Project("{FAE04EC0-301F-11D3-BF4B-00C04F79EFBC}") = "Api", "Api\Api.csproj", "{56BCE807-D2C8-4934-9867-506C368F3AD3}"
EndProject
Project("{FAE04EC0-301F-11D3-BF4B-00C04F79EFBC}") = "Core", "Core\Core.csproj", "{2E13DE9B-CE02-40A0-AC6C-5B67496D404A}"
EndProject
Global
	GlobalSection(SolutionConfigurationPlatforms) = preSolution
		Debug|Any CPU = Debug|Any CPU
		Release|Any CPU = Release|Any CPU
	EndGlobalSection
	GlobalSection(ProjectConfigurationPlatforms) = postSolution
		{56BCE807-D2C8-4934-9867-506C368F3AD3}.Debug|Any CPU.ActiveCfg = Debug|Any CPU
		{56BCE807-D2C8-4934-9867-506C368F3AD3}.Debug|Any CPU.Build.0 = Debug|Any CPU
		{56BCE807-D2C8-4934-9867-506C368F3AD3}.Release|Any CPU.ActiveCfg = Release|Any CPU
		{56BCE807-D2C8-4934-9867-506C368F3AD3}.Release|Any CPU.Build.0 = Release|Any CPU
		{2E13DE9B-CE02-40A0-AC6C-5B67496D404A}.Debug|Any CPU.ActiveCfg = Debug|Any CPU
		{2E13DE9B-CE02-40A0-AC6C-5B67496D404A}.Debug|Any CPU.Build.0 = Debug|Any CPU
		{2E13DE9B-CE02-40A0-AC6C-5B67496D404A}.Release|Any CPU.ActiveCfg = Release|Any CPU
		{2E13DE9B-CE02-40A0-AC6C-5B67496D404A}.Release|Any CPU.Build.0 = Release|Any CPU
	EndGlobalSection
EndGlobal
